
Microsoft Visual Studio Solution File, Format Version 12.00
# Visual Studio Version 17
VisualStudioVersion = 17.13.35818.85 d17.13
MinimumVisualStudioVersion = 10.0.40219.1
Project("{FAE04EC0-301F-11D3-BF4B-00C04F79EFBC}") = "BlazorRumLogTest", "BlazorRumLogTest\BlazorRumLogTest.csproj", "{8FE13787-A532-48EB-B548-7ABB2952D48D}"
EndProject
Global
	GlobalSection(SolutionConfigurationPlatforms) = preSolution
		Debug|Any CPU = Debug|Any CPU
		Release|Any CPU = Release|Any CPU
	EndGlobalSection
	GlobalSection(ProjectConfigurationPlatforms) = postSolution
		{8FE13787-A532-48EB-B548-7ABB2952D48D}.Debug|Any CPU.ActiveCfg = Debug|Any CPU
		{8FE13787-A532-48EB-B548-7ABB2952D48D}.Debug|Any CPU.Build.0 = Debug|Any CPU
		{8FE13787-A532-48EB-B548-7ABB2952D48D}.Release|Any CPU.ActiveCfg = Release|Any CPU
		{8FE13787-A532-48EB-B548-7ABB2952D48D}.Release|Any CPU.Build.0 = Release|Any CPU
	EndGlobalSection
	GlobalSection(SolutionProperties) = preSolution
		HideSolutionNode = FALSE
	EndGlobalSection
	GlobalSection(ExtensibilityGlobals) = postSolution
		SolutionGuid = {D8029F3D-4201-4016-8925-2F4ED44609D4}
	EndGlobalSection
EndGlobal
